
Microsoft Visual Studio Solution File, Format Version 12.00
# Visual Studio Version 16
VisualStudioVersion = 16.0.29318.209
MinimumVisualStudioVersion = 10.0.40219.1
Project("{FAE04EC0-301F-11D3-BF4B-00C04F79EFBC}") = "QLSINHVIEN", "QLSINHVIEN\QLSINHVIEN.csproj", "{DF365756-C0CD-4C51-B41A-33705100CEBD}"
EndProject
Global
	GlobalSection(SolutionConfigurationPlatforms) = preSolution
		Debug|Any CPU = Debug|Any CPU
		Release|Any CPU = Release|Any CPU
	EndGlobalSection
	GlobalSection(ProjectConfigurationPlatforms) = postSolution
		{DF365756-C0CD-4C51-B41A-33705100CEBD}.Debug|Any CPU.ActiveCfg = Debug|Any CPU
		{DF365756-C0CD-4C51-B41A-33705100CEBD}.Debug|Any CPU.Build.0 = Debug|Any CPU
		{DF365756-C0CD-4C51-B41A-33705100CEBD}.Release|Any CPU.ActiveCfg = Release|Any CPU
		{DF365756-C0CD-4C51-B41A-33705100CEBD}.Release|Any CPU.Build.0 = Release|Any CPU
	EndGlobalSection
	GlobalSection(SolutionProperties) = preSolution
		HideSolutionNode = FALSE
	EndGlobalSection
	GlobalSection(ExtensibilityGlobals) = postSolution
		SolutionGuid = {375C51A9-A29D-40C2-A950-A5035E057872}
	EndGlobalSection
EndGlobal
